// !$*UTF8*$!
{
	archiveVersion = 1;
	classes = {
	};
	objectVersion = 60;
	objects = {

/* Begin PBXBuildFile section */
		E8B0FD913AD448BB81294E16 /* ScanFlowApp.swift in Sources */ = {isa = PBXBuildFile; fileRef = 1A9E6299F45F4CAF84F7D9C6 /* ScanFlowApp.swift */; };
		1AC0FEA751444B918CD513B1 /* MacOSPreviews.swift in Sources */ = {isa = PBXBuildFile; fileRef = ED3126C360404D10B00F7B37 /* MacOSPreviews.swift */; };
		29C06E71D85E4534B9E0BEBA /* SharedViewPreviews.swift in Sources */ = {isa = PBXBuildFile; fileRef = 4C61E5C23C9B4ECEADA2D36F /* SharedViewPreviews.swift */; };
		F1C3DD92A1C1499B8671D05F /* ComponentPreviews.swift in Sources */ = {isa = PBXBuildFile; fileRef = A04D63E8A5814C55B0E39EF9 /* ComponentPreviews.swift */; };
		C8E345654E3941CCA04F45D3 /* ScanFlow in Frameworks */ = {isa = PBXBuildFile; productRef = 098417651B7441D7AE903E69 /* ScanFlow */; };
/* End PBXBuildFile section */

/* Begin PBXFileReference section */
		1A9E6299F45F4CAF84F7D9C6 /* ScanFlowApp.swift */ = {isa = PBXFileReference; lastKnownFileType = sourcecode.swift; path = ScanFlowApp.swift; sourceTree = "<group>"; };
		ED3126C360404D10B00F7B37 /* MacOSPreviews.swift */ = {isa = PBXFileReference; lastKnownFileType = sourcecode.swift; path = MacOSPreviews.swift; sourceTree = "<group>"; };
		4C61E5C23C9B4ECEADA2D36F /* SharedViewPreviews.swift */ = {isa = PBXFileReference; lastKnownFileType = sourcecode.swift; path = SharedViewPreviews.swift; sourceTree = "<group>"; };
		A04D63E8A5814C55B0E39EF9 /* ComponentPreviews.swift */ = {isa = PBXFileReference; lastKnownFileType = sourcecode.swift; path = ComponentPreviews.swift; sourceTree = "<group>"; };
		645F399D2A6D4AB680A10057 /* Info-macOS.plist */ = {isa = PBXFileReference; lastKnownFileType = text.plist.xml; path = "ScanFlow/Resources/Info-macOS.plist"; sourceTree = "<group>"; };
		E4BCD4709E334F1DADF219A8 /* ScanFlow.entitlements */ = {isa = PBXFileReference; lastKnownFileType = text.plist.entitlements; path = "ScanFlow/ScanFlow.entitlements"; sourceTree = "<group>"; };
		76461F601301432A8AB826A8 /* ScanFlow.app */ = {isa = PBXFileReference; explicitFileType = wrapper.application; includeInIndex = 0; path = ScanFlow.app; sourceTree = BUILT_PRODUCTS_DIR; };
/* End PBXFileReference section */

/* Begin PBXFrameworksBuildPhase section */
		0A54E09CBCF247DA99189586 /* Frameworks */ = {
			isa = PBXFrameworksBuildPhase;
			buildActionMask = 2147483647;
			files = (
				C8E345654E3941CCA04F45D3 /* ScanFlow in Frameworks */,
			);
			runOnlyForDeploymentPostprocessing = 0;
		};
/* End PBXFrameworksBuildPhase section */

/* Begin PBXGroup section */
		895804DF9C4142298316AE16 /* App */ = {
			isa = PBXGroup;
			children = (
				1A9E6299F45F4CAF84F7D9C6 /* ScanFlowApp.swift */,
				F60125A353FB438FA1C70350 /* Previews */,
			);
			path = App;
			sourceTree = "<group>";
		};
		F60125A353FB438FA1C70350 /* Previews */ = {
			isa = PBXGroup;
			children = (
				ED3126C360404D10B00F7B37 /* MacOSPreviews.swift */,
				4C61E5C23C9B4ECEADA2D36F /* SharedViewPreviews.swift */,
				A04D63E8A5814C55B0E39EF9 /* ComponentPreviews.swift */,
			);
			path = Previews;
			sourceTree = "<group>";
		};
		11E2A5756C584D2D89F322DC /* Frameworks */ = {
			isa = PBXGroup;
			children = (
			);
			name = Frameworks;
			sourceTree = "<group>";
		};
		FC3D0A5941A14F5C86BEDC02 /* Products */ = {
			isa = PBXGroup;
			children = (
				76461F601301432A8AB826A8 /* ScanFlow.app */,
			);
			name = Products;
			sourceTree = "<group>";
		};
		1013CB2CB9534794AF197918 = {
			isa = PBXGroup;
			children = (
				895804DF9C4142298316AE16 /* App */,
				645F399D2A6D4AB680A10057 /* Info-macOS.plist */,
				E4BCD4709E334F1DADF219A8 /* ScanFlow.entitlements */,
				FC3D0A5941A14F5C86BEDC02 /* Products */,
				11E2A5756C584D2D89F322DC /* Frameworks */,
			);
			sourceTree = "<group>";
		};
/* End PBXGroup section */

/* Begin PBXNativeTarget section */
		7A1EC3B140864340A1F2BC9B /* ScanFlowApp */ = {
			isa = PBXNativeTarget;
			buildConfigurationList = 62DC527838624DABACCA22F9 /* Build configuration list for PBXNativeTarget "ScanFlowApp" */;
			buildPhases = (
				6AD9A1D29EEB41CEB50F4C74 /* Sources */,
				0A54E09CBCF247DA99189586 /* Frameworks */,
				AC4BCD150950428AB4B55C4F /* Resources */,
			);
			buildRules = (
			);
			dependencies = (
			);
			name = ScanFlowApp;
			packageProductDependencies = (
				098417651B7441D7AE903E69 /* ScanFlow */,
			);
			productName = ScanFlow;
			productReference = 76461F601301432A8AB826A8 /* ScanFlow.app */;
			productType = "com.apple.product-type.application";
		};
/* End PBXNativeTarget section */

/* Begin PBXProject section */
		F2AA2326A47F497999B0CAF0 /* Project object */ = {
			isa = PBXProject;
			attributes = {
				BuildIndependentTargetsInParallel = 1;
				LastUpgradeCheck = 1600;
				TargetAttributes = {
					7A1EC3B140864340A1F2BC9B = {
						CreatedOnToolsVersion = 16.0;
					};
				};
			};
			buildConfigurationList = E8B7D04639E843F89361FC43 /* Build configuration list for PBXProject "ScanFlow" */;
			compatibilityVersion = "Xcode 15.0";
			developmentRegion = en;
			hasScannedForEncodings = 0;
			knownRegions = (
				en,
				Base,
			);
			mainGroup = 1013CB2CB9534794AF197918;
			packageReferences = (
				CA0F771E23594D7090B777E4 /* XCLocalSwiftPackageReference "ScanFlow" */,
			);
			productRefGroup = FC3D0A5941A14F5C86BEDC02 /* Products */;
			projectDirPath = "";
			projectRoot = "";
			targets = (
				7A1EC3B140864340A1F2BC9B /* ScanFlowApp */,
			);
		};
/* End PBXProject section */

/* Begin PBXResourcesBuildPhase section */
		AC4BCD150950428AB4B55C4F /* Resources */ = {
			isa = PBXResourcesBuildPhase;
			buildActionMask = 2147483647;
			files = (
			);
			runOnlyForDeploymentPostprocessing = 0;
		};
/* End PBXResourcesBuildPhase section */

/* Begin PBXSourcesBuildPhase section */
		6AD9A1D29EEB41CEB50F4C74 /* Sources */ = {
			isa = PBXSourcesBuildPhase;
			buildActionMask = 2147483647;
			files = (
				E8B0FD913AD448BB81294E16 /* ScanFlowApp.swift in Sources */,
				1AC0FEA751444B918CD513B1 /* MacOSPreviews.swift in Sources */,
				29C06E71D85E4534B9E0BEBA /* SharedViewPreviews.swift in Sources */,
				F1C3DD92A1C1499B8671D05F /* ComponentPreviews.swift in Sources */,
			);
			runOnlyForDeploymentPostprocessing = 0;
		};
/* End PBXSourcesBuildPhase section */

/* Begin XCBuildConfiguration section */
		28BE70E5A74144678A3848F9 /* Debug */ = {
			isa = XCBuildConfiguration;
			buildSettings = {
				ALWAYS_SEARCH_USER_PATHS = NO;
				ALWAYS_USE_SEPARATE_HEADERMAPS = YES;
				CLANG_ANALYZER_LOCALIZABILITY_NONLOCALIZED = YES;
				CODE_SIGN_STYLE = Automatic;
				COPY_PHASE_STRIP = NO;
				DEBUG_INFORMATION_FORMAT = dwarf;
				ENABLE_TESTABILITY = YES;
				GCC_OPTIMIZATION_LEVEL = 0;
				ONLY_ACTIVE_ARCH = YES;
				SDKROOT = macosx;
			};
			name = Debug;
		};
		D6229F1CA67E447198FCAE50 /* Release */ = {
			isa = XCBuildConfiguration;
			buildSettings = {
				ALWAYS_SEARCH_USER_PATHS = NO;
				ALWAYS_USE_SEPARATE_HEADERMAPS = YES;
				CLANG_ANALYZER_LOCALIZABILITY_NONLOCALIZED = YES;
				CODE_SIGN_STYLE = Automatic;
				COPY_PHASE_STRIP = YES;
				DEBUG_INFORMATION_FORMAT = dwarf;
				SDKROOT = macosx;
			};
			name = Release;
		};
		B17915553F7C4A4A96C7A640 /* Debug */ = {
			isa = XCBuildConfiguration;
			buildSettings = {
				ALWAYS_SEARCH_USER_PATHS = NO;
				ALWAYS_USE_SEPARATE_HEADERMAPS = YES;
				CODE_SIGN_ENTITLEMENTS = "ScanFlow/ScanFlow.entitlements";
				CODE_SIGN_STYLE = Automatic;
				ENABLE_DEBUG_DYLIB = YES;
				ENABLE_PREVIEWS = YES;
				ENABLE_TESTABILITY = YES;
				INFOPLIST_FILE = "ScanFlow/Resources/Info-macOS.plist";
				MACOSX_DEPLOYMENT_TARGET = 14.0;
				PRODUCT_BUNDLE_IDENTIFIER = com.scanflow.app;
				PRODUCT_MODULE_NAME = ScanFlowApp;
				PRODUCT_NAME = ScanFlow;
				SWIFT_VERSION = 5.9;
			};
			name = Debug;
		};
		09801A4D53A8436684ABE46C /* Release */ = {
			isa = XCBuildConfiguration;
			buildSettings = {
				ALWAYS_SEARCH_USER_PATHS = NO;
				ALWAYS_USE_SEPARATE_HEADERMAPS = YES;
				CODE_SIGN_ENTITLEMENTS = "ScanFlow/ScanFlow.entitlements";
				CODE_SIGN_STYLE = Automatic;
				ENABLE_DEBUG_DYLIB = YES;
				ENABLE_PREVIEWS = YES;
				INFOPLIST_FILE = "ScanFlow/Resources/Info-macOS.plist";
				MACOSX_DEPLOYMENT_TARGET = 14.0;
				PRODUCT_BUNDLE_IDENTIFIER = com.scanflow.app;
				PRODUCT_MODULE_NAME = ScanFlowApp;
				PRODUCT_NAME = ScanFlow;
				SWIFT_VERSION = 5.9;
			};
			name = Release;
		};
/* End XCBuildConfiguration section */

/* Begin XCConfigurationList section */
		E8B7D04639E843F89361FC43 /* Build configuration list for PBXProject "ScanFlow" */ = {
			isa = XCConfigurationList;
			buildConfigurations = (
				28BE70E5A74144678A3848F9 /* Debug */,
				D6229F1CA67E447198FCAE50 /* Release */,
			);
			defaultConfigurationIsVisible = 0;
			defaultConfigurationName = Release;
		};
		62DC527838624DABACCA22F9 /* Build configuration list for PBXNativeTarget "ScanFlowApp" */ = {
			isa = XCConfigurationList;
			buildConfigurations = (
				B17915553F7C4A4A96C7A640 /* Debug */,
				09801A4D53A8436684ABE46C /* Release */,
			);
			defaultConfigurationIsVisible = 0;
			defaultConfigurationName = Release;
		};
/* End XCConfigurationList section */

/* Begin XCLocalSwiftPackageReference section */
		CA0F771E23594D7090B777E4 /* XCLocalSwiftPackageReference "ScanFlow" */ = {
			isa = XCLocalSwiftPackageReference;
			relativePath = ".";
		};
/* End XCLocalSwiftPackageReference section */

/* Begin XCSwiftPackageProductDependency section */
		098417651B7441D7AE903E69 /* ScanFlow */ = {
			isa = XCSwiftPackageProductDependency;
			package = CA0F771E23594D7090B777E4 /* XCLocalSwiftPackageReference "ScanFlow" */;
			productName = ScanFlow;
		};
/* End XCSwiftPackageProductDependency section */
	};
	rootObject = F2AA2326A47F497999B0CAF0 /* Project object */;
}
